{
  "name": "ts-playground",
  "lockfileVersion": 3,
  "requires": true,
  "packages": {
    "": {
      "dependencies": {
        "fp-ts": "^2.16.9"
      }
    },
    "node_modules/fp-ts": {
      "version": "2.16.9",
      "resolved": "https://registry.npmjs.org/fp-ts/-/fp-ts-2.16.9.tgz",
      "integrity": "sha512-+I2+FnVB+tVaxcYyQkHUq7ZdKScaBlX53A41mxQtpIccsfyv8PzdzP7fzp2AY832T4aoK6UZ5WRX/ebGd8uZuQ==",
      "license": "MIT"
    }
  }
}
